
Microsoft Visual Studio Solution File, Format Version 12.00
# Visual Studio Version 17
VisualStudioVersion = 17.10.35013.160
MinimumVisualStudioVersion = 10.0.40219.1
Project("{FAE04EC0-301F-11D3-BF4B-00C04F79EFBC}") = "PatikaWeek4PracticeClosure", "PatikaWeek4PracticeClosure\PatikaWeek4PracticeClosure.csproj", "{565447F5-9EFD-451F-9897-9F103993D67A}"
EndProject
Global
	GlobalSection(SolutionConfigurationPlatforms) = preSolution
		Debug|Any CPU = Debug|Any CPU
		Release|Any CPU = Release|Any CPU
	EndGlobalSection
	GlobalSection(ProjectConfigurationPlatforms) = postSolution
		{565447F5-9EFD-451F-9897-9F103993D67A}.Debug|Any CPU.ActiveCfg = Debug|Any CPU
		{565447F5-9EFD-451F-9897-9F103993D67A}.Debug|Any CPU.Build.0 = Debug|Any CPU
		{565447F5-9EFD-451F-9897-9F103993D67A}.Release|Any CPU.ActiveCfg = Release|Any CPU
		{565447F5-9EFD-451F-9897-9F103993D67A}.Release|Any CPU.Build.0 = Release|Any CPU
	EndGlobalSection
	GlobalSection(SolutionProperties) = preSolution
		HideSolutionNode = FALSE
	EndGlobalSection
	GlobalSection(ExtensibilityGlobals) = postSolution
		SolutionGuid = {B6660129-6A8A-4703-A58C-5175EC20065C}
	EndGlobalSection
EndGlobal
